{
  "version": 4,
  "terraform_version": "1.9.7",
  "serial": 4,
  "lineage": "af366432-051b-990f-bea4-7c01fb7027fd",
  "outputs": {},
  "resources": [
    {
      "mode": "managed",
      "type": "local_file",
      "name": "print_name",
      "provider": "provider[\"registry.terraform.io/hashicorp/local\"]",
      "instances": [
        {
          "schema_version": 0,
          "attributes": {
            "content": "my-pet-wired-ferret",
            "content_base64": null,
            "content_base64sha256": "NrB5X6btc42nSbEq5kV8SmYlqMYuQOhSM65zrl7ADTI=",
            "content_base64sha512": "e2cfQb6Olbnw7t6t3iOam/OORE2u2bh9aXOLjzwTOWAUlwaFxzMUbUDaFlqAZ0sQM26rZ9UAEnnp2NeC+vQOoA==",
            "content_md5": "2b509f29640a984f0f461f19290a4459",
            "content_sha1": "c5f756fb2fd539afeabfb007a41e0e1f87247942",
            "content_sha256": "36b0795fa6ed738da749b12ae6457c4a6625a8c62e40e85233ae73ae5ec00d32",
            "content_sha512": "7b671f41be8e95b9f0eedeadde239a9bf38e444daed9b87d69738b8f3c13396014970685c733146d40da165a80674b10336eab67d5001279e9d8d782faf40ea0",
            "directory_permission": "0777",
            "file_permission": "0777",
            "filename": "filetitle.txt",
            "id": "c5f756fb2fd539afeabfb007a41e0e1f87247942",
            "sensitive_content": null,
            "source": null
          },
          "sensitive_attributes": [
            [
              {
                "type": "get_attr",
                "value": "sensitive_content"
              }
            ]
          ],
          "dependencies": [
            "random_pet.pet_name"
          ]
        }
      ]
    },
    {
      "mode": "managed",
      "type": "random_pet",
      "name": "pet_name",
      "provider": "provider[\"registry.terraform.io/hashicorp/random\"]",
      "instances": [
        {
          "schema_version": 0,
          "attributes": {
            "id": "my-pet-wired-ferret",
            "keepers": null,
            "length": 2,
            "prefix": "my-pet",
            "separator": "-"
          },
          "sensitive_attributes": []
        }
      ]
    }
  ],
  "check_results": null
}
